<Solution>
  <Folder Name="/Solution Items/">
    <File Path="Directory.Packages.props" />
  </Folder>
  <Folder Name="/src/BuildingBlocks/">
    <Project Path="src/SharedKernal/SharedKernal.csproj" />
  </Folder>
  <Folder Name="/src/Hosts/">
    <Project Path="src/CleanModular.AppHost/CleanModular.AppHost.csproj" />
    <Project Path="src/CleanModular.ServiceDefaults/CleanModular.ServiceDefaults.csproj" />
    <Project Path="src/Host.WebApi/Host.WebApi.csproj" />
  </Folder>
  <Folder Name="/src/Modules/Users/">
    <Project Path="src/Users.Application/Users.Application.csproj" />
    <Project Path="src/Users.Contracts/Users.Contracts.csproj" />
    <Project Path="src/Users.Domain/Users.Domain.csproj" />
    <Project Path="src/Users.Infrastracture/Users.Infrastracture.csproj" />
    <Project Path="src/Users.Presentation/Users.Presentation.csproj" />
  </Folder>
  <Folder Name="/src/Tests/">
    <Project Path="src/Tests/ArchTests/CleanModular.ArchTests.csproj" />
    <Project Path="src/Tests/IntegrationTests/CleanModular.IntegrationTests.csproj" />
    <Project Path="src/Tests/UnitTests/Users.Domain.UnitTests/Users.Domain.UnitTests.csproj" />
  </Folder>
</Solution>
